
Microsoft Visual Studio Solution File, Format Version 12.00
# Visual Studio 15
VisualStudioVersion = 15.0.27428.1
MinimumVisualStudioVersion = 10.0.40219.1
Project("{FAE04EC0-301F-11D3-BF4B-00C04F79EFBC}") = "Countries.Android", "Countries\Countries.Android\Countries.Android.csproj", "{D3924E01-BB95-4BC4-A60D-9D787272B25C}"
EndProject
Project("{FAE04EC0-301F-11D3-BF4B-00C04F79EFBC}") = "Countries.iOS", "Countries\Countries.iOS\Countries.iOS.csproj", "{2F3A2D68-73F8-4009-BBB7-6EBAEC74CD03}"
EndProject
Project("{9A19103F-16F7-4668-BE54-9A1E7A4F7556}") = "Countries", "Countries\Countries\Countries.csproj", "{EF040362-DD00-43B7-87C0-06D534EA788E}"
EndProject
Project("{FAE04EC0-301F-11D3-BF4B-00C04F79EFBC}") = "Countries.Domain", "Countries.Domain\Countries.Domain.csproj", "{AC7A997B-7379-4787-A41D-E0BBA8D6F662}"
EndProject
Project("{FAE04EC0-301F-11D3-BF4B-00C04F79EFBC}") = "Countries.Backend", "Countries.Backend\Countries.Backend.csproj", "{E96014BE-BF8B-4510-A429-E7B2DCA8BA02}"
EndProject
Project("{FAE04EC0-301F-11D3-BF4B-00C04F79EFBC}") = "Countries.API", "Countries.API\Countries.API.csproj", "{9E794CEB-2831-47F7-A255-CBE79A27653C}"
EndProject
Global
	GlobalSection(SolutionConfigurationPlatforms) = preSolution
		Ad-Hoc|Any CPU = Ad-Hoc|Any CPU
		Ad-Hoc|iPhone = Ad-Hoc|iPhone
		Ad-Hoc|iPhoneSimulator = Ad-Hoc|iPhoneSimulator
		AppStore|Any CPU = AppStore|Any CPU
		AppStore|iPhone = AppStore|iPhone
		AppStore|iPhoneSimulator = AppStore|iPhoneSimulator
		Debug|Any CPU = Debug|Any CPU
		Debug|iPhone = Debug|iPhone
		Debug|iPhoneSimulator = Debug|iPhoneSimulator
		Release|Any CPU = Release|Any CPU
		Release|iPhone = Release|iPhone
		Release|iPhoneSimulator = Release|iPhoneSimulator
	EndGlobalSection
	GlobalSection(ProjectConfigurationPlatforms) = postSolution
		{D3924E01-BB95-4BC4-A60D-9D787272B25C}.Ad-Hoc|Any CPU.ActiveCfg = Release|Any CPU
		{D3924E01-BB95-4BC4-A60D-9D787272B25C}.Ad-Hoc|Any CPU.Build.0 = Release|Any CPU
		{D3924E01-BB95-4BC4-A60D-9D787272B25C}.Ad-Hoc|Any CPU.Deploy.0 = Release|Any CPU
		{D3924E01-BB95-4BC4-A60D-9D787272B25C}.Ad-Hoc|iPhone.ActiveCfg = Release|Any CPU
		{D3924E01-BB95-4BC4-A60D-9D787272B25C}.Ad-Hoc|iPhone.Build.0 = Release|Any CPU
		{D3924E01-BB95-4BC4-A60D-9D787272B25C}.Ad-Hoc|iPhone.Deploy.0 = Release|Any CPU
		{D3924E01-BB95-4BC4-A60D-9D787272B25C}.Ad-Hoc|iPhoneSimulator.ActiveCfg = Release|Any CPU
		{D3924E01-BB95-4BC4-A60D-9D787272B25C}.Ad-Hoc|iPhoneSimulator.Build.0 = Release|Any CPU
		{D3924E01-BB95-4BC4-A60D-9D787272B25C}.Ad-Hoc|iPhoneSimulator.Deploy.0 = Release|Any CPU
		{D3924E01-BB95-4BC4-A60D-9D787272B25C}.AppStore|Any CPU.ActiveCfg = Release|Any CPU
		{D3924E01-BB95-4BC4-A60D-9D787272B25C}.AppStore|Any CPU.Build.0 = Release|Any CPU
		{D3924E01-BB95-4BC4-A60D-9D787272B25C}.AppStore|Any CPU.Deploy.0 = Release|Any CPU
		{D3924E01-BB95-4BC4-A60D-9D787272B25C}.AppStore|iPhone.ActiveCfg = Release|Any CPU
		{D3924E01-BB95-4BC4-A60D-9D787272B25C}.AppStore|iPhone.Build.0 = Release|Any CPU
		{D3924E01-BB95-4BC4-A60D-9D787272B25C}.AppStore|iPhone.Deploy.0 = Release|Any CPU
		{D3924E01-BB95-4BC4-A60D-9D787272B25C}.AppStore|iPhoneSimulator.ActiveCfg = Release|Any CPU
		{D3924E01-BB95-4BC4-A60D-9D787272B25C}.AppStore|iPhoneSimulator.Build.0 = Release|Any CPU
		{D3924E01-BB95-4BC4-A60D-9D787272B25C}.AppStore|iPhoneSimulator.Deploy.0 = Release|Any CPU
		{D3924E01-BB95-4BC4-A60D-9D787272B25C}.Debug|Any CPU.ActiveCfg = Debug|Any CPU
		{D3924E01-BB95-4BC4-A60D-9D787272B25C}.Debug|Any CPU.Build.0 = Debug|Any CPU
		{D3924E01-BB95-4BC4-A60D-9D787272B25C}.Debug|Any CPU.Deploy.0 = Debug|Any CPU
		{D3924E01-BB95-4BC4-A60D-9D787272B25C}.Debug|iPhone.ActiveCfg = Debug|Any CPU
		{D3924E01-BB95-4BC4-A60D-9D787272B25C}.Debug|iPhone.Build.0 = Debug|Any CPU
		{D3924E01-BB95-4BC4-A60D-9D787272B25C}.Debug|iPhone.Deploy.0 = Debug|Any CPU
		{D3924E01-BB95-4BC4-A60D-9D787272B25C}.Debug|iPhoneSimulator.ActiveCfg = Debug|Any CPU
		{D3924E01-BB95-4BC4-A60D-9D787272B25C}.Debug|iPhoneSimulator.Build.0 = Debug|Any CPU
		{D3924E01-BB95-4BC4-A60D-9D787272B25C}.Debug|iPhoneSimulator.Deploy.0 = Debug|Any CPU
		{D3924E01-BB95-4BC4-A60D-9D787272B25C}.Release|Any CPU.ActiveCfg = Release|Any CPU
		{D3924E01-BB95-4BC4-A60D-9D787272B25C}.Release|Any CPU.Build.0 = Release|Any CPU
		{D3924E01-BB95-4BC4-A60D-9D787272B25C}.Release|Any CPU.Deploy.0 = Release|Any CPU
		{D3924E01-BB95-4BC4-A60D-9D787272B25C}.Release|iPhone.ActiveCfg = Release|Any CPU
		{D3924E01-BB95-4BC4-A60D-9D787272B25C}.Release|iPhone.Build.0 = Release|Any CPU
		{D3924E01-BB95-4BC4-A60D-9D787272B25C}.Release|iPhone.Deploy.0 = Release|Any CPU
		{D3924E01-BB95-4BC4-A60D-9D787272B25C}.Release|iPhoneSimulator.ActiveCfg = Release|Any CPU
		{D3924E01-BB95-4BC4-A60D-9D787272B25C}.Release|iPhoneSimulator.Build.0 = Release|Any CPU
		{D3924E01-BB95-4BC4-A60D-9D787272B25C}.Release|iPhoneSimulator.Deploy.0 = Release|Any CPU
		{2F3A2D68-73F8-4009-BBB7-6EBAEC74CD03}.Ad-Hoc|Any CPU.ActiveCfg = Ad-Hoc|iPhone
		{2F3A2D68-73F8-4009-BBB7-6EBAEC74CD03}.Ad-Hoc|iPhone.ActiveCfg = Ad-Hoc|iPhone
		{2F3A2D68-73F8-4009-BBB7-6EBAEC74CD03}.Ad-Hoc|iPhone.Build.0 = Ad-Hoc|iPhone
		{2F3A2D68-73F8-4009-BBB7-6EBAEC74CD03}.Ad-Hoc|iPhoneSimulator.ActiveCfg = Ad-Hoc|iPhoneSimulator
		{2F3A2D68-73F8-4009-BBB7-6EBAEC74CD03}.Ad-Hoc|iPhoneSimulator.Build.0 = Ad-Hoc|iPhoneSimulator
		{2F3A2D68-73F8-4009-BBB7-6EBAEC74CD03}.AppStore|Any CPU.ActiveCfg = AppStore|iPhone
		{2F3A2D68-73F8-4009-BBB7-6EBAEC74CD03}.AppStore|iPhone.ActiveCfg = AppStore|iPhone
		{2F3A2D68-73F8-4009-BBB7-6EBAEC74CD03}.AppStore|iPhone.Build.0 = AppStore|iPhone
		{2F3A2D68-73F8-4009-BBB7-6EBAEC74CD03}.AppStore|iPhoneSimulator.ActiveCfg = AppStore|iPhoneSimulator
		{2F3A2D68-73F8-4009-BBB7-6EBAEC74CD03}.AppStore|iPhoneSimulator.Build.0 = AppStore|iPhoneSimulator
		{2F3A2D68-73F8-4009-BBB7-6EBAEC74CD03}.Debug|Any CPU.ActiveCfg = Debug|iPhone
		{2F3A2D68-73F8-4009-BBB7-6EBAEC74CD03}.Debug|iPhone.ActiveCfg = Debug|iPhone
		{2F3A2D68-73F8-4009-BBB7-6EBAEC74CD03}.Debug|iPhone.Build.0 = Debug|iPhone
		{2F3A2D68-73F8-4009-BBB7-6EBAEC74CD03}.Debug|iPhoneSimulator.ActiveCfg = Debug|iPhoneSimulator
		{2F3A2D68-73F8-4009-BBB7-6EBAEC74CD03}.Debug|iPhoneSimulator.Build.0 = Debug|iPhoneSimulator
		{2F3A2D68-73F8-4009-BBB7-6EBAEC74CD03}.Release|Any CPU.ActiveCfg = Release|iPhone
		{2F3A2D68-73F8-4009-BBB7-6EBAEC74CD03}.Release|iPhone.ActiveCfg = Release|iPhone
		{2F3A2D68-73F8-4009-BBB7-6EBAEC74CD03}.Release|iPhone.Build.0 = Release|iPhone
		{2F3A2D68-73F8-4009-BBB7-6EBAEC74CD03}.Release|iPhoneSimulator.ActiveCfg = Release|iPhoneSimulator
		{2F3A2D68-73F8-4009-BBB7-6EBAEC74CD03}.Release|iPhoneSimulator.Build.0 = Release|iPhoneSimulator
		{EF040362-DD00-43B7-87C0-06D534EA788E}.Ad-Hoc|Any CPU.ActiveCfg = Debug|Any CPU
		{EF040362-DD00-43B7-87C0-06D534EA788E}.Ad-Hoc|Any CPU.Build.0 = Debug|Any CPU
		{EF040362-DD00-43B7-87C0-06D534EA788E}.Ad-Hoc|iPhone.ActiveCfg = Debug|Any CPU
		{EF040362-DD00-43B7-87C0-06D534EA788E}.Ad-Hoc|iPhone.Build.0 = Debug|Any CPU
		{EF040362-DD00-43B7-87C0-06D534EA788E}.Ad-Hoc|iPhoneSimulator.ActiveCfg = Debug|Any CPU
		{EF040362-DD00-43B7-87C0-06D534EA788E}.Ad-Hoc|iPhoneSimulator.Build.0 = Debug|Any CPU
		{EF040362-DD00-43B7-87C0-06D534EA788E}.AppStore|Any CPU.ActiveCfg = Debug|Any CPU
		{EF040362-DD00-43B7-87C0-06D534EA788E}.AppStore|Any CPU.Build.0 = Debug|Any CPU
		{EF040362-DD00-43B7-87C0-06D534EA788E}.AppStore|iPhone.ActiveCfg = Debug|Any CPU
		{EF040362-DD00-43B7-87C0-06D534EA788E}.AppStore|iPhone.Build.0 = Debug|Any CPU
		{EF040362-DD00-43B7-87C0-06D534EA788E}.AppStore|iPhoneSimulator.ActiveCfg = Debug|Any CPU
		{EF040362-DD00-43B7-87C0-06D534EA788E}.AppStore|iPhoneSimulator.Build.0 = Debug|Any CPU
		{EF040362-DD00-43B7-87C0-06D534EA788E}.Debug|Any CPU.ActiveCfg = Debug|Any CPU
		{EF040362-DD00-43B7-87C0-06D534EA788E}.Debug|Any CPU.Build.0 = Debug|Any CPU
		{EF040362-DD00-43B7-87C0-06D534EA788E}.Debug|iPhone.ActiveCfg = Debug|Any CPU
		{EF040362-DD00-43B7-87C0-06D534EA788E}.Debug|iPhone.Build.0 = Debug|Any CPU
		{EF040362-DD00-43B7-87C0-06D534EA788E}.Debug|iPhoneSimulator.ActiveCfg = Debug|Any CPU
		{EF040362-DD00-43B7-87C0-06D534EA788E}.Debug|iPhoneSimulator.Build.0 = Debug|Any CPU
		{EF040362-DD00-43B7-87C0-06D534EA788E}.Release|Any CPU.ActiveCfg = Release|Any CPU
		{EF040362-DD00-43B7-87C0-06D534EA788E}.Release|Any CPU.Build.0 = Release|Any CPU
		{EF040362-DD00-43B7-87C0-06D534EA788E}.Release|iPhone.ActiveCfg = Release|Any CPU
		{EF040362-DD00-43B7-87C0-06D534EA788E}.Release|iPhone.Build.0 = Release|Any CPU
		{EF040362-DD00-43B7-87C0-06D534EA788E}.Release|iPhoneSimulator.ActiveCfg = Release|Any CPU
		{EF040362-DD00-43B7-87C0-06D534EA788E}.Release|iPhoneSimulator.Build.0 = Release|Any CPU
		{AC7A997B-7379-4787-A41D-E0BBA8D6F662}.Ad-Hoc|Any CPU.ActiveCfg = Release|Any CPU
		{AC7A997B-7379-4787-A41D-E0BBA8D6F662}.Ad-Hoc|Any CPU.Build.0 = Release|Any CPU
		{AC7A997B-7379-4787-A41D-E0BBA8D6F662}.Ad-Hoc|iPhone.ActiveCfg = Release|Any CPU
		{AC7A997B-7379-4787-A41D-E0BBA8D6F662}.Ad-Hoc|iPhone.Build.0 = Release|Any CPU
		{AC7A997B-7379-4787-A41D-E0BBA8D6F662}.Ad-Hoc|iPhoneSimulator.ActiveCfg = Release|Any CPU
		{AC7A997B-7379-4787-A41D-E0BBA8D6F662}.Ad-Hoc|iPhoneSimulator.Build.0 = Release|Any CPU
		{AC7A997B-7379-4787-A41D-E0BBA8D6F662}.AppStore|Any CPU.ActiveCfg = Release|Any CPU
		{AC7A997B-7379-4787-A41D-E0BBA8D6F662}.AppStore|Any CPU.Build.0 = Release|Any CPU
		{AC7A997B-7379-4787-A41D-E0BBA8D6F662}.AppStore|iPhone.ActiveCfg = Release|Any CPU
		{AC7A997B-7379-4787-A41D-E0BBA8D6F662}.AppStore|iPhone.Build.0 = Release|Any CPU
		{AC7A997B-7379-4787-A41D-E0BBA8D6F662}.AppStore|iPhoneSimulator.ActiveCfg = Release|Any CPU
		{AC7A997B-7379-4787-A41D-E0BBA8D6F662}.AppStore|iPhoneSimulator.Build.0 = Release|Any CPU
		{AC7A997B-7379-4787-A41D-E0BBA8D6F662}.Debug|Any CPU.ActiveCfg = Debug|Any CPU
		{AC7A997B-7379-4787-A41D-E0BBA8D6F662}.Debug|Any CPU.Build.0 = Debug|Any CPU
		{AC7A997B-7379-4787-A41D-E0BBA8D6F662}.Debug|iPhone.ActiveCfg = Debug|Any CPU
		{AC7A997B-7379-4787-A41D-E0BBA8D6F662}.Debug|iPhone.Build.0 = Debug|Any CPU
		{AC7A997B-7379-4787-A41D-E0BBA8D6F662}.Debug|iPhoneSimulator.ActiveCfg = Debug|Any CPU
		{AC7A997B-7379-4787-A41D-E0BBA8D6F662}.Debug|iPhoneSimulator.Build.0 = Debug|Any CPU
		{AC7A997B-7379-4787-A41D-E0BBA8D6F662}.Release|Any CPU.ActiveCfg = Release|Any CPU
		{AC7A997B-7379-4787-A41D-E0BBA8D6F662}.Release|Any CPU.Build.0 = Release|Any CPU
		{AC7A997B-7379-4787-A41D-E0BBA8D6F662}.Release|iPhone.ActiveCfg = Release|Any CPU
		{AC7A997B-7379-4787-A41D-E0BBA8D6F662}.Release|iPhone.Build.0 = Release|Any CPU
		{AC7A997B-7379-4787-A41D-E0BBA8D6F662}.Release|iPhoneSimulator.ActiveCfg = Release|Any CPU
		{AC7A997B-7379-4787-A41D-E0BBA8D6F662}.Release|iPhoneSimulator.Build.0 = Release|Any CPU
		{E96014BE-BF8B-4510-A429-E7B2DCA8BA02}.Ad-Hoc|Any CPU.ActiveCfg = Release|Any CPU
		{E96014BE-BF8B-4510-A429-E7B2DCA8BA02}.Ad-Hoc|Any CPU.Build.0 = Release|Any CPU
		{E96014BE-BF8B-4510-A429-E7B2DCA8BA02}.Ad-Hoc|iPhone.ActiveCfg = Release|Any CPU
		{E96014BE-BF8B-4510-A429-E7B2DCA8BA02}.Ad-Hoc|iPhone.Build.0 = Release|Any CPU
		{E96014BE-BF8B-4510-A429-E7B2DCA8BA02}.Ad-Hoc|iPhoneSimulator.ActiveCfg = Release|Any CPU
		{E96014BE-BF8B-4510-A429-E7B2DCA8BA02}.Ad-Hoc|iPhoneSimulator.Build.0 = Release|Any CPU
		{E96014BE-BF8B-4510-A429-E7B2DCA8BA02}.AppStore|Any CPU.ActiveCfg = Release|Any CPU
		{E96014BE-BF8B-4510-A429-E7B2DCA8BA02}.AppStore|Any CPU.Build.0 = Release|Any CPU
		{E96014BE-BF8B-4510-A429-E7B2DCA8BA02}.AppStore|iPhone.ActiveCfg = Release|Any CPU
		{E96014BE-BF8B-4510-A429-E7B2DCA8BA02}.AppStore|iPhone.Build.0 = Release|Any CPU
		{E96014BE-BF8B-4510-A429-E7B2DCA8BA02}.AppStore|iPhoneSimulator.ActiveCfg = Release|Any CPU
		{E96014BE-BF8B-4510-A429-E7B2DCA8BA02}.AppStore|iPhoneSimulator.Build.0 = Release|Any CPU
		{E96014BE-BF8B-4510-A429-E7B2DCA8BA02}.Debug|Any CPU.ActiveCfg = Debug|Any CPU
		{E96014BE-BF8B-4510-A429-E7B2DCA8BA02}.Debug|Any CPU.Build.0 = Debug|Any CPU
		{E96014BE-BF8B-4510-A429-E7B2DCA8BA02}.Debug|iPhone.ActiveCfg = Debug|Any CPU
		{E96014BE-BF8B-4510-A429-E7B2DCA8BA02}.Debug|iPhone.Build.0 = Debug|Any CPU
		{E96014BE-BF8B-4510-A429-E7B2DCA8BA02}.Debug|iPhoneSimulator.ActiveCfg = Debug|Any CPU
		{E96014BE-BF8B-4510-A429-E7B2DCA8BA02}.Debug|iPhoneSimulator.Build.0 = Debug|Any CPU
		{E96014BE-BF8B-4510-A429-E7B2DCA8BA02}.Release|Any CPU.ActiveCfg = Release|Any CPU
		{E96014BE-BF8B-4510-A429-E7B2DCA8BA02}.Release|Any CPU.Build.0 = Release|Any CPU
		{E96014BE-BF8B-4510-A429-E7B2DCA8BA02}.Release|iPhone.ActiveCfg = Release|Any CPU
		{E96014BE-BF8B-4510-A429-E7B2DCA8BA02}.Release|iPhone.Build.0 = Release|Any CPU
		{E96014BE-BF8B-4510-A429-E7B2DCA8BA02}.Release|iPhoneSimulator.ActiveCfg = Release|Any CPU
		{E96014BE-BF8B-4510-A429-E7B2DCA8BA02}.Release|iPhoneSimulator.Build.0 = Release|Any CPU
		{9E794CEB-2831-47F7-A255-CBE79A27653C}.Ad-Hoc|Any CPU.ActiveCfg = Release|Any CPU
		{9E794CEB-2831-47F7-A255-CBE79A27653C}.Ad-Hoc|Any CPU.Build.0 = Release|Any CPU
		{9E794CEB-2831-47F7-A255-CBE79A27653C}.Ad-Hoc|iPhone.ActiveCfg = Release|Any CPU
		{9E794CEB-2831-47F7-A255-CBE79A27653C}.Ad-Hoc|iPhone.Build.0 = Release|Any CPU
		{9E794CEB-2831-47F7-A255-CBE79A27653C}.Ad-Hoc|iPhoneSimulator.ActiveCfg = Release|Any CPU
		{9E794CEB-2831-47F7-A255-CBE79A27653C}.Ad-Hoc|iPhoneSimulator.Build.0 = Release|Any CPU
		{9E794CEB-2831-47F7-A255-CBE79A27653C}.AppStore|Any CPU.ActiveCfg = Release|Any CPU
		{9E794CEB-2831-47F7-A255-CBE79A27653C}.AppStore|Any CPU.Build.0 = Release|Any CPU
		{9E794CEB-2831-47F7-A255-CBE79A27653C}.AppStore|iPhone.ActiveCfg = Release|Any CPU
		{9E794CEB-2831-47F7-A255-CBE79A27653C}.AppStore|iPhone.Build.0 = Release|Any CPU
		{9E794CEB-2831-47F7-A255-CBE79A27653C}.AppStore|iPhoneSimulator.ActiveCfg = Release|Any CPU
		{9E794CEB-2831-47F7-A255-CBE79A27653C}.AppStore|iPhoneSimulator.Build.0 = Release|Any CPU
		{9E794CEB-2831-47F7-A255-CBE79A27653C}.Debug|Any CPU.ActiveCfg = Debug|Any CPU
		{9E794CEB-2831-47F7-A255-CBE79A27653C}.Debug|Any CPU.Build.0 = Debug|Any CPU
		{9E794CEB-2831-47F7-A255-CBE79A27653C}.Debug|iPhone.ActiveCfg = Debug|Any CPU
		{9E794CEB-2831-47F7-A255-CBE79A27653C}.Debug|iPhone.Build.0 = Debug|Any CPU
		{9E794CEB-2831-47F7-A255-CBE79A27653C}.Debug|iPhoneSimulator.ActiveCfg = Debug|Any CPU
		{9E794CEB-2831-47F7-A255-CBE79A27653C}.Debug|iPhoneSimulator.Build.0 = Debug|Any CPU
		{9E794CEB-2831-47F7-A255-CBE79A27653C}.Release|Any CPU.ActiveCfg = Release|Any CPU
		{9E794CEB-2831-47F7-A255-CBE79A27653C}.Release|Any CPU.Build.0 = Release|Any CPU
		{9E794CEB-2831-47F7-A255-CBE79A27653C}.Release|iPhone.ActiveCfg = Release|Any CPU
		{9E794CEB-2831-47F7-A255-CBE79A27653C}.Release|iPhone.Build.0 = Release|Any CPU
		{9E794CEB-2831-47F7-A255-CBE79A27653C}.Release|iPhoneSimulator.ActiveCfg = Release|Any CPU
		{9E794CEB-2831-47F7-A255-CBE79A27653C}.Release|iPhoneSimulator.Build.0 = Release|Any CPU
	EndGlobalSection
	GlobalSection(SolutionProperties) = preSolution
		HideSolutionNode = FALSE
	EndGlobalSection
	GlobalSection(ExtensibilityGlobals) = postSolution
		SolutionGuid = {58711BBE-28F5-4EF0-BBEC-A0DE3BDBE5D0}
	EndGlobalSection
EndGlobal
